{
  "name": "bunny-chaos",
  "version": "0.1.0",
  "lockfileVersion": 3,
  "requires": true,
  "packages": {
    "": {
      "name": "bunny-chaos",
      "version": "0.1.0",
      "devDependencies": {
        "@laststand/asset-studio": "file:./asset-studio-bundle-v0.1.0/laststand-asset-studio-0.1.0.tgz"
      }
    },
    "node_modules/@laststand/asset-studio": {
      "version": "0.1.0",
      "resolved": "file:asset-studio-bundle-v0.1.0/laststand-asset-studio-0.1.0.tgz",
      "integrity": "sha512-A+Spw+sraDLZkowP3S/ycb8W3dNYzDgfqIxGPAXo+91hJMWWaU+PJ7gf6lZPBkpNB58BVF7APKzKiyNP8AApjg==",
      "dev": true,
      "dependencies": {
        "three": "^0.174.0"
      },
      "bin": {
        "asset-studio": "bin/cli.js"
      }
    },
    "node_modules/three": {
      "version": "0.174.0",
      "resolved": "https://registry.npmjs.org/three/-/three-0.174.0.tgz",
      "integrity": "sha512-p+WG3W6Ov74alh3geCMkGK9NWuT62ee21cV3jEnun201zodVF4tCE5aZa2U122/mkLRmhJJUQmLLW1BH00uQJQ==",
      "dev": true,
      "license": "MIT"
    }
  }
}
